// !$*UTF8*$!
{
	archiveVersion = 1;
	classes = {
	};
	objectVersion = 46;
	objects = {

/* Begin PBXAggregateTarget section */
		9DCAE50419E31A1E00A4DF50 /* native-gateway-unity3d-universal */ = {
			isa = PBXAggregateTarget;
			buildConfigurationList = 9DCAE50519E31A1E00A4DF50 /* Build configuration list for PBXAggregateTarget "native-gateway-unity3d-universal" */;
			buildPhases = (
				9DCAE50A19E31A3A00A4DF50 /* ShellScript */,
			);
			dependencies = (
				9DCAE50919E31A2E00A4DF50 /* PBXTargetDependency */,
			);
			name = "native-gateway-unity3d-universal";
			productName = UniversalBuild;
		};
/* End PBXAggregateTarget section */

/* Begin PBXBuildFile section */
		372B77B116A0040B4F083694 /* UnityGatewayAdapter.mm in Sources */ = {isa = PBXBuildFile; fileRef = 372B7F1F9188A9447F55AB18 /* UnityGatewayAdapter.mm */; };
/* End PBXBuildFile section */

/* Begin PBXContainerItemProxy section */
		9DCAE50019E31A0300A4DF50 /* PBXContainerItemProxy */ = {
			isa = PBXContainerItemProxy;
			containerPortal = 9DCAE4F319E3183D00A4DF50 /* native-gateway-common.xcodeproj */;
			proxyType = 2;
			remoteGlobalIDString = 372B7A39A6BEB6BEDF91B827;
			remoteInfo = "native-gateway-common";
		};
		9DCAE50219E31A1000A4DF50 /* PBXContainerItemProxy */ = {
			isa = PBXContainerItemProxy;
			containerPortal = 9DCAE4F319E3183D00A4DF50 /* native-gateway-common.xcodeproj */;
			proxyType = 1;
			remoteGlobalIDString = 9DCAE4EC19E315B600A4DF50;
			remoteInfo = UniversalLib;
		};
		9DCAE50819E31A2E00A4DF50 /* PBXContainerItemProxy */ = {
			isa = PBXContainerItemProxy;
			containerPortal = 372B7FCC53FD1166BB7B4331 /* Project object */;
			proxyType = 1;
			remoteGlobalIDString = 372B79FC0A7E41A0A0AF7712;
			remoteInfo = "native-gateway-unity3d";
		};
/* End PBXContainerItemProxy section */

/* Begin PBXCopyFilesBuildPhase section */
		372B7D407415C37934640809 /* CopyFiles */ = {
			isa = PBXCopyFilesBuildPhase;
			buildActionMask = 2147483647;
			dstPath = "include/$(PRODUCT_NAME)";
			dstSubfolderSpec = 16;
			files = (
			);
			runOnlyForDeploymentPostprocessing = 0;
		};
/* End PBXCopyFilesBuildPhase section */

/* Begin PBXFileReference section */
		372B76EBFFBC46C956965D4C /* libNativeGatewayUnity3d.a */ = {isa = PBXFileReference; explicitFileType = archive.ar; includeInIndex = 0; path = libNativeGatewayUnity3d.a; sourceTree = BUILT_PRODUCTS_DIR; };
		372B7F1F9188A9447F55AB18 /* UnityGatewayAdapter.mm */ = {isa = PBXFileReference; fileEncoding = 4; lastKnownFileType = sourcecode.cpp.objcpp; path = UnityGatewayAdapter.mm; sourceTree = "<group>"; };
		9DCAE4F319E3183D00A4DF50 /* native-gateway-common.xcodeproj */ = {isa = PBXFileReference; lastKnownFileType = "wrapper.pb-project"; name = "native-gateway-common.xcodeproj"; path = "../native-gateway-common/native-gateway-common.xcodeproj"; sourceTree = "<group>"; };
/* End PBXFileReference section */

/* Begin PBXFrameworksBuildPhase section */
		372B7C1E66FFB4A73FD8A1A6 /* Frameworks */ = {
			isa = PBXFrameworksBuildPhase;
			buildActionMask = 2147483647;
			files = (
			);
			runOnlyForDeploymentPostprocessing = 0;
		};
/* End PBXFrameworksBuildPhase section */

/* Begin PBXGroup section */
		372B7135943092621625A147 /* Products */ = {
			isa = PBXGroup;
			children = (
				372B76EBFFBC46C956965D4C /* libNativeGatewayUnity3d.a */,
			);
			name = Products;
			sourceTree = "<group>";
		};
		372B71EF9D4484FF8074D879 /* native-gateway-unity3d */ = {
			isa = PBXGroup;
			children = (
				372B7F1F9188A9447F55AB18 /* UnityGatewayAdapter.mm */,
			);
			path = "native-gateway-unity3d";
			sourceTree = "<group>";
		};
		372B724E8D4286F2D079BF5F = {
			isa = PBXGroup;
			children = (
				9DCAE4F319E3183D00A4DF50 /* native-gateway-common.xcodeproj */,
				372B7135943092621625A147 /* Products */,
				372B71EF9D4484FF8074D879 /* native-gateway-unity3d */,
			);
			sourceTree = "<group>";
		};
		9DCAE4FC19E31A0300A4DF50 /* Products */ = {
			isa = PBXGroup;
			children = (
				9DCAE50119E31A0300A4DF50 /* libnativegatewaycommon.a */,
			);
			name = Products;
			sourceTree = "<group>";
		};
/* End PBXGroup section */

/* Begin PBXNativeTarget section */
		372B79FC0A7E41A0A0AF7712 /* native-gateway-unity3d */ = {
			isa = PBXNativeTarget;
			buildConfigurationList = 372B712490C8C0C5ED9525BA /* Build configuration list for PBXNativeTarget "native-gateway-unity3d" */;
			buildPhases = (
				372B7D0736295597D0224B82 /* Sources */,
				372B7C1E66FFB4A73FD8A1A6 /* Frameworks */,
				372B7D407415C37934640809 /* CopyFiles */,
			);
			buildRules = (
			);
			dependencies = (
				9DCAE50319E31A1000A4DF50 /* PBXTargetDependency */,
			);
			name = "native-gateway-unity3d";
			productName = "native-gateway-unity3d";
			productReference = 372B76EBFFBC46C956965D4C /* libNativeGatewayUnity3d.a */;
			productType = "com.apple.product-type.library.static";
		};
/* End PBXNativeTarget section */

/* Begin PBXProject section */
		372B7FCC53FD1166BB7B4331 /* Project object */ = {
			isa = PBXProject;
			attributes = {
				ORGANIZATIONNAME = vedidev;
				TargetAttributes = {
					9DCAE50419E31A1E00A4DF50 = {
						CreatedOnToolsVersion = 6.0.1;
					};
				};
			};
			buildConfigurationList = 372B7025CAB882D9DF81CC07 /* Build configuration list for PBXProject "native-gateway-unity3d" */;
			compatibilityVersion = "Xcode 3.2";
			developmentRegion = English;
			hasScannedForEncodings = 0;
			knownRegions = (
				en,
			);
			mainGroup = 372B724E8D4286F2D079BF5F;
			productRefGroup = 372B7135943092621625A147 /* Products */;
			projectDirPath = "";
			projectReferences = (
				{
					ProductGroup = 9DCAE4FC19E31A0300A4DF50 /* Products */;
					ProjectRef = 9DCAE4F319E3183D00A4DF50 /* native-gateway-common.xcodeproj */;
				},
			);
			projectRoot = "";
			targets = (
				372B79FC0A7E41A0A0AF7712 /* native-gateway-unity3d */,
				9DCAE50419E31A1E00A4DF50 /* native-gateway-unity3d-universal */,
			);
		};
/* End PBXProject section */

/* Begin PBXReferenceProxy section */
		9DCAE50119E31A0300A4DF50 /* libnativegatewaycommon.a */ = {
			isa = PBXReferenceProxy;
			fileType = archive.ar;
			path = libnativegatewaycommon.a;
			remoteRef = 9DCAE50019E31A0300A4DF50 /* PBXContainerItemProxy */;
			sourceTree = BUILT_PRODUCTS_DIR;
		};
/* End PBXReferenceProxy section */

/* Begin PBXShellScriptBuildPhase section */
		9DCAE50A19E31A3A00A4DF50 /* ShellScript */ = {
			isa = PBXShellScriptBuildPhase;
			buildActionMask = 2147483647;
			files = (
			);
			inputPaths = (
			);
			outputPaths = (
			);
			runOnlyForDeploymentPostprocessing = 0;
			shellPath = /bin/sh;
			shellScript = "# define output folder environment variable\nUNIVERSAL_OUTPUTFOLDER=${BUILD_DIR}/${CONFIGURATION}-universal\n\n# Step 1. Build Device and Simulator versions\nxcodebuild -target native-gateway-unity3d ONLY_ACTIVE_ARCH=NO -configuration ${CONFIGURATION} -sdk iphoneos  BUILD_DIR=\"${BUILD_DIR}\" BUILD_ROOT=\"${BUILD_ROOT}\"\nxcodebuild -target native-gateway-unity3d -configuration ${CONFIGURATION} -sdk iphonesimulator -arch i386 BUILD_DIR=\"${BUILD_DIR}\" BUILD_ROOT=\"${BUILD_ROOT}\"\n\n# make sure the output directory exists\nmkdir -p \"${UNIVERSAL_OUTPUTFOLDER}\"\n\n# Step 2. Create universal binary file using lipo\nlipo -create -output \"${UNIVERSAL_OUTPUTFOLDER}/lib${PRODUCT_NAME}.a\" \"${BUILD_DIR}/${CONFIGURATION}-iphoneos/lib${PRODUCT_NAME}.a\" \"${BUILD_DIR}/${CONFIGURATION}-iphonesimulator/lib${PRODUCT_NAME}.a\"\n\n# Last touch. copy the header files. Just for convenience\ncp -R \"${BUILD_DIR}/${CONFIGURATION}-iphoneos/include\" \"${UNIVERSAL_OUTPUTFOLDER}/\"";
		};
/* End PBXShellScriptBuildPhase section */

/* Begin PBXSourcesBuildPhase section */
		372B7D0736295597D0224B82 /* Sources */ = {
			isa = PBXSourcesBuildPhase;
			buildActionMask = 2147483647;
			files = (
				372B77B116A0040B4F083694 /* UnityGatewayAdapter.mm in Sources */,
			);
			runOnlyForDeploymentPostprocessing = 0;
		};
/* End PBXSourcesBuildPhase section */

/* Begin PBXTargetDependency section */
		9DCAE50319E31A1000A4DF50 /* PBXTargetDependency */ = {
			isa = PBXTargetDependency;
			name = UniversalLib;
			targetProxy = 9DCAE50219E31A1000A4DF50 /* PBXContainerItemProxy */;
		};
		9DCAE50919E31A2E00A4DF50 /* PBXTargetDependency */ = {
			isa = PBXTargetDependency;
			target = 372B79FC0A7E41A0A0AF7712 /* native-gateway-unity3d */;
			targetProxy = 9DCAE50819E31A2E00A4DF50 /* PBXContainerItemProxy */;
		};
/* End PBXTargetDependency section */

/* Begin XCBuildConfiguration section */
		372B70F2E42CA1DBC562CD50 /* Release */ = {
			isa = XCBuildConfiguration;
			buildSettings = {
				OTHER_LDFLAGS = "-ObjC";
				PRODUCT_NAME = NativeGatewayUnity3d;
				SKIP_INSTALL = YES;
			};
			name = Release;
		};
		372B71B8AE553C55F5E2387A /* Debug */ = {
			isa = XCBuildConfiguration;
			buildSettings = {
				ALWAYS_SEARCH_USER_PATHS = NO;
				CLANG_CXX_LANGUAGE_STANDARD = "gnu++0x";
				CLANG_CXX_LIBRARY = "libc++";
				CLANG_ENABLE_MODULES = YES;
				CLANG_ENABLE_OBJC_ARC = YES;
				CLANG_WARN_BOOL_CONVERSION = YES;
				CLANG_WARN_CONSTANT_CONVERSION = YES;
				CLANG_WARN_DIRECT_OBJC_ISA_USAGE = YES_ERROR;
				CLANG_WARN_EMPTY_BODY = YES;
				CLANG_WARN_ENUM_CONVERSION = YES;
				CLANG_WARN_INT_CONVERSION = YES;
				CLANG_WARN_OBJC_ROOT_CLASS = YES_ERROR;
				CLANG_WARN_UNREACHABLE_CODE = YES;
				CLANG_WARN__DUPLICATE_METHOD_MATCH = YES;
				COPY_PHASE_STRIP = NO;
				ENABLE_STRICT_OBJC_MSGSEND = YES;
				GCC_C_LANGUAGE_STANDARD = gnu99;
				GCC_DYNAMIC_NO_PIC = NO;
				GCC_OPTIMIZATION_LEVEL = 0;
				GCC_PREPROCESSOR_DEFINITIONS = (
					"DEBUG=1",
					"$(inherited)",
				);
				GCC_SYMBOLS_PRIVATE_EXTERN = NO;
				GCC_WARN_64_TO_32_BIT_CONVERSION = YES;
				GCC_WARN_ABOUT_RETURN_TYPE = YES_ERROR;
				GCC_WARN_UNDECLARED_SELECTOR = YES;
				GCC_WARN_UNINITIALIZED_AUTOS = YES_AGGRESSIVE;
				GCC_WARN_UNUSED_FUNCTION = YES;
				GCC_WARN_UNUSED_VARIABLE = YES;
				HEADER_SEARCH_PATHS = (
					"$(inherited)",
					/Applications/Xcode.app/Contents/Developer/Toolchains/XcodeDefault.xctoolchain/usr/include,
					"$(SRCROOT)/../native-gateway-common/native-gateway-common/**",
				);
				IPHONEOS_DEPLOYMENT_TARGET = 8.0;
				MTL_ENABLE_DEBUG_INFO = YES;
				ONLY_ACTIVE_ARCH = YES;
				SDKROOT = iphoneos;
			};
			name = Debug;
		};
		372B7773CA9E1063119E5E84 /* Release */ = {
			isa = XCBuildConfiguration;
			buildSettings = {
				ALWAYS_SEARCH_USER_PATHS = NO;
				CLANG_CXX_LANGUAGE_STANDARD = "gnu++0x";
				CLANG_CXX_LIBRARY = "libc++";
				CLANG_ENABLE_MODULES = YES;
				CLANG_ENABLE_OBJC_ARC = YES;
				CLANG_WARN_BOOL_CONVERSION = YES;
				CLANG_WARN_CONSTANT_CONVERSION = YES;
				CLANG_WARN_DIRECT_OBJC_ISA_USAGE = YES_ERROR;
				CLANG_WARN_EMPTY_BODY = YES;
				CLANG_WARN_ENUM_CONVERSION = YES;
				CLANG_WARN_INT_CONVERSION = YES;
				CLANG_WARN_OBJC_ROOT_CLASS = YES_ERROR;
				CLANG_WARN_UNREACHABLE_CODE = YES;
				CLANG_WARN__DUPLICATE_METHOD_MATCH = YES;
				COPY_PHASE_STRIP = YES;
				ENABLE_NS_ASSERTIONS = NO;
				ENABLE_STRICT_OBJC_MSGSEND = YES;
				GCC_C_LANGUAGE_STANDARD = gnu99;
				GCC_WARN_64_TO_32_BIT_CONVERSION = YES;
				GCC_WARN_ABOUT_RETURN_TYPE = YES_ERROR;
				GCC_WARN_UNDECLARED_SELECTOR = YES;
				GCC_WARN_UNINITIALIZED_AUTOS = YES_AGGRESSIVE;
				GCC_WARN_UNUSED_FUNCTION = YES;
				GCC_WARN_UNUSED_VARIABLE = YES;
				HEADER_SEARCH_PATHS = (
					"$(inherited)",
					/Applications/Xcode.app/Contents/Developer/Toolchains/XcodeDefault.xctoolchain/usr/include,
					"$(SRCROOT)/../native-gateway-common/native-gateway-common/**",
				);
				IPHONEOS_DEPLOYMENT_TARGET = 8.0;
				MTL_ENABLE_DEBUG_INFO = NO;
				SDKROOT = iphoneos;
				VALIDATE_PRODUCT = YES;
			};
			name = Release;
		};
		372B7DE1F9B3BC4F5C3495DE /* Debug */ = {
			isa = XCBuildConfiguration;
			buildSettings = {
				OTHER_LDFLAGS = "-ObjC";
				PRODUCT_NAME = NativeGatewayUnity3d;
				SKIP_INSTALL = YES;
			};
			name = Debug;
		};
		9DCAE50619E31A1E00A4DF50 /* Debug */ = {
			isa = XCBuildConfiguration;
			buildSettings = {
				PRODUCT_NAME = NativeGatewayUnity3d;
			};
			name = Debug;
		};
		9DCAE50719E31A1E00A4DF50 /* Release */ = {
			isa = XCBuildConfiguration;
			buildSettings = {
				PRODUCT_NAME = NativeGatewayUnity3d;
			};
			name = Release;
		};
/* End XCBuildConfiguration section */

/* Begin XCConfigurationList section */
		372B7025CAB882D9DF81CC07 /* Build configuration list for PBXProject "native-gateway-unity3d" */ = {
			isa = XCConfigurationList;
			buildConfigurations = (
				372B71B8AE553C55F5E2387A /* Debug */,
				372B7773CA9E1063119E5E84 /* Release */,
			);
			defaultConfigurationIsVisible = 0;
			defaultConfigurationName = Release;
		};
		372B712490C8C0C5ED9525BA /* Build configuration list for PBXNativeTarget "native-gateway-unity3d" */ = {
			isa = XCConfigurationList;
			buildConfigurations = (
				372B7DE1F9B3BC4F5C3495DE /* Debug */,
				372B70F2E42CA1DBC562CD50 /* Release */,
			);
			defaultConfigurationIsVisible = 0;
			defaultConfigurationName = Release;
		};
		9DCAE50519E31A1E00A4DF50 /* Build configuration list for PBXAggregateTarget "native-gateway-unity3d-universal" */ = {
			isa = XCConfigurationList;
			buildConfigurations = (
				9DCAE50619E31A1E00A4DF50 /* Debug */,
				9DCAE50719E31A1E00A4DF50 /* Release */,
			);
			defaultConfigurationIsVisible = 0;
			defaultConfigurationName = Release;
		};
/* End XCConfigurationList section */
	};
	rootObject = 372B7FCC53FD1166BB7B4331 /* Project object */;
}
